// !$*UTF8*$!
{
	archiveVersion = 1;
	classes = {
	};
	objectVersion = 77;
	objects = {

/* Begin PBXBuildFile section */
		84C1E90161A122A7E1046126 /* com.vannaq.RamKillerHelper.plist in Copy LaunchDaemon plist */ = {isa = PBXBuildFile; fileRef = 93FC901FD4E8D631B6FB0D98 /* com.vannaq.RamKillerHelper.plist */; };
		A5660636062703A1D7EE1B0C /* RamKillerHelper in Embed Helper Tool */ = {isa = PBXBuildFile; fileRef = F33053022FA32F3400E51C66 /* RamKillerHelper */; };
		F33052FD2FA32E4000E51C66 /* Shared in Frameworks */ = {isa = PBXBuildFile; productRef = F33052FC2FA32E4000E51C66 /* Shared */; };
		F330530B2FA32F5100E51C66 /* Shared in Frameworks */ = {isa = PBXBuildFile; productRef = F330530A2FA32F5100E51C66 /* Shared */; };
/* End PBXBuildFile section */

/* Begin PBXContainerItemProxy section */
		39613D82ABF5C42609287964 /* PBXContainerItemProxy */ = {
			isa = PBXContainerItemProxy;
			containerPortal = F33052C72FA32C0E00E51C66 /* Project object */;
			proxyType = 1;
			remoteGlobalIDString = F33053012FA32F3400E51C66;
			remoteInfo = RamKillerHelper;
		};
		F33052DF2FA32C0F00E51C66 /* PBXContainerItemProxy */ = {
			isa = PBXContainerItemProxy;
			containerPortal = F33052C72FA32C0E00E51C66 /* Project object */;
			proxyType = 1;
			remoteGlobalIDString = F33052CE2FA32C0E00E51C66;
			remoteInfo = RamKiller;
		};
		F33052E92FA32C0F00E51C66 /* PBXContainerItemProxy */ = {
			isa = PBXContainerItemProxy;
			containerPortal = F33052C72FA32C0E00E51C66 /* Project object */;
			proxyType = 1;
			remoteGlobalIDString = F33052CE2FA32C0E00E51C66;
			remoteInfo = RamKiller;
		};
/* End PBXContainerItemProxy section */

/* Begin PBXCopyFilesBuildPhase section */
		1CC9DC34C1F6BA0AF5B0DD8A /* Copy LaunchDaemon plist */ = {
			isa = PBXCopyFilesBuildPhase;
			buildActionMask = 2147483647;
			dstPath = Contents/Library/LaunchDaemons;
			dstSubfolderSpec = 1;
			files = (
				84C1E90161A122A7E1046126 /* com.vannaq.RamKillerHelper.plist in Copy LaunchDaemon plist */,
			);
			name = "Copy LaunchDaemon plist";
			runOnlyForDeploymentPostprocessing = 0;
		};
		D2995DEC10508572C3536FC3 /* Embed Helper Tool */ = {
			isa = PBXCopyFilesBuildPhase;
			buildActionMask = 2147483647;
			dstPath = Contents/MacOS;
			dstSubfolderSpec = 1;
			files = (
				A5660636062703A1D7EE1B0C /* RamKillerHelper in Embed Helper Tool */,
			);
			name = "Embed Helper Tool";
			runOnlyForDeploymentPostprocessing = 0;
		};
		F33053002FA32F3400E51C66 /* CopyFiles */ = {
			isa = PBXCopyFilesBuildPhase;
			buildActionMask = 2147483647;
			dstPath = /usr/share/man/man1/;
			dstSubfolderSpec = 0;
			files = (
			);
			runOnlyForDeploymentPostprocessing = 1;
		};
/* End PBXCopyFilesBuildPhase section */

/* Begin PBXFileReference section */
		93FC901FD4E8D631B6FB0D98 /* com.vannaq.RamKillerHelper.plist */ = {isa = PBXFileReference; includeInIndex = 1; lastKnownFileType = text.plist.xml; name = com.vannaq.RamKillerHelper.plist; path = RamKillerHelper/com.vannaq.RamKillerHelper.plist; sourceTree = "<group>"; };
		F33052CF2FA32C0E00E51C66 /* RamKiller.app */ = {isa = PBXFileReference; explicitFileType = wrapper.application; includeInIndex = 0; path = RamKiller.app; sourceTree = BUILT_PRODUCTS_DIR; };
		F33052DE2FA32C0F00E51C66 /* RamKillerTests.xctest */ = {isa = PBXFileReference; explicitFileType = wrapper.cfbundle; includeInIndex = 0; path = RamKillerTests.xctest; sourceTree = BUILT_PRODUCTS_DIR; };
		F33052E82FA32C0F00E51C66 /* RamKillerUITests.xctest */ = {isa = PBXFileReference; explicitFileType = wrapper.cfbundle; includeInIndex = 0; path = RamKillerUITests.xctest; sourceTree = BUILT_PRODUCTS_DIR; };
		F33053022FA32F3400E51C66 /* RamKillerHelper */ = {isa = PBXFileReference; explicitFileType = "compiled.mach-o.executable"; includeInIndex = 0; path = RamKillerHelper; sourceTree = BUILT_PRODUCTS_DIR; };
/* End PBXFileReference section */

/* Begin PBXFileSystemSynchronizedRootGroup section */
		F33052D12FA32C0E00E51C66 /* RamKiller */ = {
			isa = PBXFileSystemSynchronizedRootGroup;
			path = RamKiller;
			sourceTree = "<group>";
		};
		F33052E12FA32C0F00E51C66 /* RamKillerTests */ = {
			isa = PBXFileSystemSynchronizedRootGroup;
			path = RamKillerTests;
			sourceTree = "<group>";
		};
		F33052EB2FA32C0F00E51C66 /* RamKillerUITests */ = {
			isa = PBXFileSystemSynchronizedRootGroup;
			path = RamKillerUITests;
			sourceTree = "<group>";
		};
		F33053032FA32F3400E51C66 /* RamKillerHelper */ = {
			isa = PBXFileSystemSynchronizedRootGroup;
			path = RamKillerHelper;
			sourceTree = "<group>";
		};
/* End PBXFileSystemSynchronizedRootGroup section */

/* Begin PBXFrameworksBuildPhase section */
		F33052CC2FA32C0E00E51C66 /* Frameworks */ = {
			isa = PBXFrameworksBuildPhase;
			buildActionMask = 2147483647;
			files = (
				F33052FD2FA32E4000E51C66 /* Shared in Frameworks */,
			);
			runOnlyForDeploymentPostprocessing = 0;
		};
		F33052DB2FA32C0F00E51C66 /* Frameworks */ = {
			isa = PBXFrameworksBuildPhase;
			buildActionMask = 2147483647;
			files = (
			);
			runOnlyForDeploymentPostprocessing = 0;
		};
		F33052E52FA32C0F00E51C66 /* Frameworks */ = {
			isa = PBXFrameworksBuildPhase;
			buildActionMask = 2147483647;
			files = (
			);
			runOnlyForDeploymentPostprocessing = 0;
		};
		F33052FF2FA32F3400E51C66 /* Frameworks */ = {
			isa = PBXFrameworksBuildPhase;
			buildActionMask = 2147483647;
			files = (
				F330530B2FA32F5100E51C66 /* Shared in Frameworks */,
			);
			runOnlyForDeploymentPostprocessing = 0;
		};
/* End PBXFrameworksBuildPhase section */

/* Begin PBXGroup section */
		F33052C62FA32C0E00E51C66 = {
			isa = PBXGroup;
			children = (
				F33052D12FA32C0E00E51C66 /* RamKiller */,
				F33052E12FA32C0F00E51C66 /* RamKillerTests */,
				F33052EB2FA32C0F00E51C66 /* RamKillerUITests */,
				F33053032FA32F3400E51C66 /* RamKillerHelper */,
				F33053092FA32F5100E51C66 /* Frameworks */,
				F33052D02FA32C0E00E51C66 /* Products */,
				93FC901FD4E8D631B6FB0D98 /* com.vannaq.RamKillerHelper.plist */,
			);
			sourceTree = "<group>";
		};
		F33052D02FA32C0E00E51C66 /* Products */ = {
			isa = PBXGroup;
			children = (
				F33052CF2FA32C0E00E51C66 /* RamKiller.app */,
				F33052DE2FA32C0F00E51C66 /* RamKillerTests.xctest */,
				F33052E82FA32C0F00E51C66 /* RamKillerUITests.xctest */,
				F33053022FA32F3400E51C66 /* RamKillerHelper */,
			);
			name = Products;
			sourceTree = "<group>";
		};
		F33053092FA32F5100E51C66 /* Frameworks */ = {
			isa = PBXGroup;
			children = (
			);
			name = Frameworks;
			sourceTree = "<group>";
		};
/* End PBXGroup section */

/* Begin PBXNativeTarget section */
		F33052CE2FA32C0E00E51C66 /* RamKiller */ = {
			isa = PBXNativeTarget;
			buildConfigurationList = F33052F22FA32C0F00E51C66 /* Build configuration list for PBXNativeTarget "RamKiller" */;
			buildPhases = (
				F33052CB2FA32C0E00E51C66 /* Sources */,
				F33052CC2FA32C0E00E51C66 /* Frameworks */,
				F33052CD2FA32C0E00E51C66 /* Resources */,
				1CC9DC34C1F6BA0AF5B0DD8A /* Copy LaunchDaemon plist */,
				D2995DEC10508572C3536FC3 /* Embed Helper Tool */,
			);
			buildRules = (
			);
			dependencies = (
				137A4AB72437E3C77AC7069C /* PBXTargetDependency */,
			);
			fileSystemSynchronizedGroups = (
				F33052D12FA32C0E00E51C66 /* RamKiller */,
			);
			name = RamKiller;
			packageProductDependencies = (
				F33052FC2FA32E4000E51C66 /* Shared */,
			);
			productName = RamKiller;
			productReference = F33052CF2FA32C0E00E51C66 /* RamKiller.app */;
			productType = "com.apple.product-type.application";
		};
		F33052DD2FA32C0F00E51C66 /* RamKillerTests */ = {
			isa = PBXNativeTarget;
			buildConfigurationList = F33052F52FA32C0F00E51C66 /* Build configuration list for PBXNativeTarget "RamKillerTests" */;
			buildPhases = (
				F33052DA2FA32C0F00E51C66 /* Sources */,
				F33052DB2FA32C0F00E51C66 /* Frameworks */,
				F33052DC2FA32C0F00E51C66 /* Resources */,
			);
			buildRules = (
			);
			dependencies = (
				F33052E02FA32C0F00E51C66 /* PBXTargetDependency */,
			);
			fileSystemSynchronizedGroups = (
				F33052E12FA32C0F00E51C66 /* RamKillerTests */,
			);
			name = RamKillerTests;
			productName = RamKillerTests;
			productReference = F33052DE2FA32C0F00E51C66 /* RamKillerTests.xctest */;
			productType = "com.apple.product-type.bundle.unit-test";
		};
		F33052E72FA32C0F00E51C66 /* RamKillerUITests */ = {
			isa = PBXNativeTarget;
			buildConfigurationList = F33052F82FA32C0F00E51C66 /* Build configuration list for PBXNativeTarget "RamKillerUITests" */;
			buildPhases = (
				F33052E42FA32C0F00E51C66 /* Sources */,
				F33052E52FA32C0F00E51C66 /* Frameworks */,
				F33052E62FA32C0F00E51C66 /* Resources */,
			);
			buildRules = (
			);
			dependencies = (
				F33052EA2FA32C0F00E51C66 /* PBXTargetDependency */,
			);
			fileSystemSynchronizedGroups = (
				F33052EB2FA32C0F00E51C66 /* RamKillerUITests */,
			);
			name = RamKillerUITests;
			productName = RamKillerUITests;
			productReference = F33052E82FA32C0F00E51C66 /* RamKillerUITests.xctest */;
			productType = "com.apple.product-type.bundle.ui-testing";
		};
		F33053012FA32F3400E51C66 /* RamKillerHelper */ = {
			isa = PBXNativeTarget;
			buildConfigurationList = F33053062FA32F3400E51C66 /* Build configuration list for PBXNativeTarget "RamKillerHelper" */;
			buildPhases = (
				F33052FE2FA32F3400E51C66 /* Sources */,
				F33052FF2FA32F3400E51C66 /* Frameworks */,
				F33053002FA32F3400E51C66 /* CopyFiles */,
			);
			buildRules = (
			);
			dependencies = (
			);
			fileSystemSynchronizedGroups = (
				F33053032FA32F3400E51C66 /* RamKillerHelper */,
			);
			name = RamKillerHelper;
			packageProductDependencies = (
				F330530A2FA32F5100E51C66 /* Shared */,
			);
			productName = RamKillerHelper;
			productReference = F33053022FA32F3400E51C66 /* RamKillerHelper */;
			productType = "com.apple.product-type.tool";
		};
/* End PBXNativeTarget section */

/* Begin PBXProject section */
		F33052C72FA32C0E00E51C66 /* Project object */ = {
			isa = PBXProject;
			attributes = {
				BuildIndependentTargetsInParallel = 1;
				LastSwiftUpdateCheck = 2640;
				LastUpgradeCheck = 2640;
				TargetAttributes = {
					F33052CE2FA32C0E00E51C66 = {
						CreatedOnToolsVersion = 26.4.1;
					};
					F33052DD2FA32C0F00E51C66 = {
						CreatedOnToolsVersion = 26.4.1;
						TestTargetID = F33052CE2FA32C0E00E51C66;
					};
					F33052E72FA32C0F00E51C66 = {
						CreatedOnToolsVersion = 26.4.1;
						TestTargetID = F33052CE2FA32C0E00E51C66;
					};
					F33053012FA32F3400E51C66 = {
						CreatedOnToolsVersion = 26.4.1;
					};
				};
			};
			buildConfigurationList = F33052CA2FA32C0E00E51C66 /* Build configuration list for PBXProject "RamKiller" */;
			developmentRegion = en;
			hasScannedForEncodings = 0;
			knownRegions = (
				en,
				"zh-Hans",
				Base,
			);
			mainGroup = F33052C62FA32C0E00E51C66;
			minimizedProjectReferenceProxies = 1;
			packageReferences = (
				F33052FB2FA32E4000E51C66 /* XCLocalSwiftPackageReference "Shared" */,
			);
			preferredProjectObjectVersion = 77;
			productRefGroup = F33052D02FA32C0E00E51C66 /* Products */;
			projectDirPath = "";
			projectRoot = "";
			targets = (
				F33052CE2FA32C0E00E51C66 /* RamKiller */,
				F33052DD2FA32C0F00E51C66 /* RamKillerTests */,
				F33052E72FA32C0F00E51C66 /* RamKillerUITests */,
				F33053012FA32F3400E51C66 /* RamKillerHelper */,
			);
		};
/* End PBXProject section */

/* Begin PBXResourcesBuildPhase section */
		F33052CD2FA32C0E00E51C66 /* Resources */ = {
			isa = PBXResourcesBuildPhase;
			buildActionMask = 2147483647;
			files = (
			);
			runOnlyForDeploymentPostprocessing = 0;
		};
		F33052DC2FA32C0F00E51C66 /* Resources */ = {
			isa = PBXResourcesBuildPhase;
			buildActionMask = 2147483647;
			files = (
			);
			runOnlyForDeploymentPostprocessing = 0;
		};
		F33052E62FA32C0F00E51C66 /* Resources */ = {
			isa = PBXResourcesBuildPhase;
			buildActionMask = 2147483647;
			files = (
			);
			runOnlyForDeploymentPostprocessing = 0;
		};
/* End PBXResourcesBuildPhase section */

/* Begin PBXSourcesBuildPhase section */
		F33052CB2FA32C0E00E51C66 /* Sources */ = {
			isa = PBXSourcesBuildPhase;
			buildActionMask = 2147483647;
			files = (
			);
			runOnlyForDeploymentPostprocessing = 0;
		};
		F33052DA2FA32C0F00E51C66 /* Sources */ = {
			isa = PBXSourcesBuildPhase;
			buildActionMask = 2147483647;
			files = (
			);
			runOnlyForDeploymentPostprocessing = 0;
		};
		F33052E42FA32C0F00E51C66 /* Sources */ = {
			isa = PBXSourcesBuildPhase;
			buildActionMask = 2147483647;
			files = (
			);
			runOnlyForDeploymentPostprocessing = 0;
		};
		F33052FE2FA32F3400E51C66 /* Sources */ = {
			isa = PBXSourcesBuildPhase;
			buildActionMask = 2147483647;
			files = (
			);
			runOnlyForDeploymentPostprocessing = 0;
		};
/* End PBXSourcesBuildPhase section */

/* Begin PBXTargetDependency section */
		137A4AB72437E3C77AC7069C /* PBXTargetDependency */ = {
			isa = PBXTargetDependency;
			name = RamKillerHelper;
			target = F33053012FA32F3400E51C66 /* RamKillerHelper */;
			targetProxy = 39613D82ABF5C42609287964 /* PBXContainerItemProxy */;
		};
		F33052E02FA32C0F00E51C66 /* PBXTargetDependency */ = {
			isa = PBXTargetDependency;
			target = F33052CE2FA32C0E00E51C66 /* RamKiller */;
			targetProxy = F33052DF2FA32C0F00E51C66 /* PBXContainerItemProxy */;
		};
		F33052EA2FA32C0F00E51C66 /* PBXTargetDependency */ = {
			isa = PBXTargetDependency;
			target = F33052CE2FA32C0E00E51C66 /* RamKiller */;
			targetProxy = F33052E92FA32C0F00E51C66 /* PBXContainerItemProxy */;
		};
/* End PBXTargetDependency section */

/* Begin XCBuildConfiguration section */
		F33052F02FA32C0F00E51C66 /* Debug */ = {
			isa = XCBuildConfiguration;
			buildSettings = {
				ALWAYS_SEARCH_USER_PATHS = NO;
				ASSETCATALOG_COMPILER_GENERATE_SWIFT_ASSET_SYMBOL_EXTENSIONS = YES;
				CLANG_ANALYZER_NONNULL = YES;
				CLANG_ANALYZER_NUMBER_OBJECT_CONVERSION = YES_AGGRESSIVE;
				CLANG_CXX_LANGUAGE_STANDARD = "gnu++20";
				CLANG_ENABLE_MODULES = YES;
				CLANG_ENABLE_OBJC_ARC = YES;
				CLANG_ENABLE_OBJC_WEAK = YES;
				CLANG_WARN_BLOCK_CAPTURE_AUTORELEASING = YES;
				CLANG_WARN_BOOL_CONVERSION = YES;
				CLANG_WARN_COMMA = YES;
				CLANG_WARN_CONSTANT_CONVERSION = YES;
				CLANG_WARN_DEPRECATED_OBJC_IMPLEMENTATIONS = YES;
				CLANG_WARN_DIRECT_OBJC_ISA_USAGE = YES_ERROR;
				CLANG_WARN_DOCUMENTATION_COMMENTS = YES;
				CLANG_WARN_EMPTY_BODY = YES;
				CLANG_WARN_ENUM_CONVERSION = YES;
				CLANG_WARN_INFINITE_RECURSION = YES;
				CLANG_WARN_INT_CONVERSION = YES;
				CLANG_WARN_NON_LITERAL_NULL_CONVERSION = YES;
				CLANG_WARN_OBJC_IMPLICIT_RETAIN_SELF = YES;
				CLANG_WARN_OBJC_LITERAL_CONVERSION = YES;
				CLANG_WARN_OBJC_ROOT_CLASS = YES_ERROR;
				CLANG_WARN_QUOTED_INCLUDE_IN_FRAMEWORK_HEADER = YES;
				CLANG_WARN_RANGE_LOOP_ANALYSIS = YES;
				CLANG_WARN_STRICT_PROTOTYPES = YES;
				CLANG_WARN_SUSPICIOUS_MOVE = YES;
				CLANG_WARN_UNGUARDED_AVAILABILITY = YES_AGGRESSIVE;
				CLANG_WARN_UNREACHABLE_CODE = YES;
				CLANG_WARN__DUPLICATE_METHOD_MATCH = YES;
				CODE_SIGN_ENTITLEMENTS = RamKiller/RamKiller.entitlements;
				COPY_PHASE_STRIP = NO;
				DEBUG_INFORMATION_FORMAT = dwarf;
				DEVELOPMENT_TEAM = 3APC6ALUWK;
				ENABLE_STRICT_OBJC_MSGSEND = YES;
				ENABLE_TESTABILITY = YES;
				ENABLE_USER_SCRIPT_SANDBOXING = YES;
				GCC_C_LANGUAGE_STANDARD = gnu17;
				GCC_DYNAMIC_NO_PIC = NO;
				GCC_NO_COMMON_BLOCKS = YES;
				GCC_OPTIMIZATION_LEVEL = 0;
				GCC_PREPROCESSOR_DEFINITIONS = (
					"DEBUG=1",
					"$(inherited)",
				);
				GCC_WARN_64_TO_32_BIT_CONVERSION = YES;
				GCC_WARN_ABOUT_RETURN_TYPE = YES_ERROR;
				GCC_WARN_UNDECLARED_SELECTOR = YES;
				GCC_WARN_UNINITIALIZED_AUTOS = YES_AGGRESSIVE;
				GCC_WARN_UNUSED_FUNCTION = YES;
				GCC_WARN_UNUSED_VARIABLE = YES;
				LOCALIZATION_PREFERS_STRING_CATALOGS = YES;
				MACOSX_DEPLOYMENT_TARGET = 26.4;
				MTL_ENABLE_DEBUG_INFO = INCLUDE_SOURCE;
				MTL_FAST_MATH = YES;
				ONLY_ACTIVE_ARCH = YES;
				SDKROOT = macosx;
				SWIFT_ACTIVE_COMPILATION_CONDITIONS = "DEBUG $(inherited)";
				SWIFT_OPTIMIZATION_LEVEL = "-Onone";
			};
			name = Debug;
		};
		F33052F12FA32C0F00E51C66 /* Release */ = {
			isa = XCBuildConfiguration;
			buildSettings = {
				ALWAYS_SEARCH_USER_PATHS = NO;
				ASSETCATALOG_COMPILER_GENERATE_SWIFT_ASSET_SYMBOL_EXTENSIONS = YES;
				CLANG_ANALYZER_NONNULL = YES;
				CLANG_ANALYZER_NUMBER_OBJECT_CONVERSION = YES_AGGRESSIVE;
				CLANG_CXX_LANGUAGE_STANDARD = "gnu++20";
				CLANG_ENABLE_MODULES = YES;
				CLANG_ENABLE_OBJC_ARC = YES;
				CLANG_ENABLE_OBJC_WEAK = YES;
				CLANG_WARN_BLOCK_CAPTURE_AUTORELEASING = YES;
				CLANG_WARN_BOOL_CONVERSION = YES;
				CLANG_WARN_COMMA = YES;
				CLANG_WARN_CONSTANT_CONVERSION = YES;
				CLANG_WARN_DEPRECATED_OBJC_IMPLEMENTATIONS = YES;
				CLANG_WARN_DIRECT_OBJC_ISA_USAGE = YES_ERROR;
				CLANG_WARN_DOCUMENTATION_COMMENTS = YES;
				CLANG_WARN_EMPTY_BODY = YES;
				CLANG_WARN_ENUM_CONVERSION = YES;
				CLANG_WARN_INFINITE_RECURSION = YES;
				CLANG_WARN_INT_CONVERSION = YES;
				CLANG_WARN_NON_LITERAL_NULL_CONVERSION = YES;
				CLANG_WARN_OBJC_IMPLICIT_RETAIN_SELF = YES;
				CLANG_WARN_OBJC_LITERAL_CONVERSION = YES;
				CLANG_WARN_OBJC_ROOT_CLASS = YES_ERROR;
				CLANG_WARN_QUOTED_INCLUDE_IN_FRAMEWORK_HEADER = YES;
				CLANG_WARN_RANGE_LOOP_ANALYSIS = YES;
				CLANG_WARN_STRICT_PROTOTYPES = YES;
				CLANG_WARN_SUSPICIOUS_MOVE = YES;
				CLANG_WARN_UNGUARDED_AVAILABILITY = YES_AGGRESSIVE;
				CLANG_WARN_UNREACHABLE_CODE = YES;
				CLANG_WARN__DUPLICATE_METHOD_MATCH = YES;
				CODE_SIGN_ENTITLEMENTS = RamKiller/RamKiller.entitlements;
				COPY_PHASE_STRIP = NO;
				DEBUG_INFORMATION_FORMAT = "dwarf-with-dsym";
				DEVELOPMENT_TEAM = 3APC6ALUWK;
				ENABLE_NS_ASSERTIONS = NO;
				ENABLE_STRICT_OBJC_MSGSEND = YES;
				ENABLE_USER_SCRIPT_SANDBOXING = YES;
				GCC_C_LANGUAGE_STANDARD = gnu17;
				GCC_NO_COMMON_BLOCKS = YES;
				GCC_WARN_64_TO_32_BIT_CONVERSION = YES;
				GCC_WARN_ABOUT_RETURN_TYPE = YES_ERROR;
				GCC_WARN_UNDECLARED_SELECTOR = YES;
				GCC_WARN_UNINITIALIZED_AUTOS = YES_AGGRESSIVE;
				GCC_WARN_UNUSED_FUNCTION = YES;
				GCC_WARN_UNUSED_VARIABLE = YES;
				LOCALIZATION_PREFERS_STRING_CATALOGS = YES;
				MACOSX_DEPLOYMENT_TARGET = 26.4;
				MTL_ENABLE_DEBUG_INFO = NO;
				MTL_FAST_MATH = YES;
				SDKROOT = macosx;
				SWIFT_COMPILATION_MODE = wholemodule;
			};
			name = Release;
		};
		F33052F32FA32C0F00E51C66 /* Debug */ = {
			isa = XCBuildConfiguration;
			buildSettings = {
				ASSETCATALOG_COMPILER_APPICON_NAME = AppIcon;
				ASSETCATALOG_COMPILER_GLOBAL_ACCENT_COLOR_NAME = AccentColor;
				CODE_SIGN_STYLE = Automatic;
				COMBINE_HIDPI_IMAGES = YES;
				CURRENT_PROJECT_VERSION = 1;
				DEVELOPMENT_TEAM = 3APC6ALUWK;
				ENABLE_APP_SANDBOX = NO;
				ENABLE_HARDENED_RUNTIME = YES;
				ENABLE_PREVIEWS = YES;
				ENABLE_USER_SELECTED_FILES = readonly;
				GENERATE_INFOPLIST_FILE = YES;
				INFOPLIST_KEY_NSHumanReadableCopyright = "";
				LD_RUNPATH_SEARCH_PATHS = (
					"$(inherited)",
					"@executable_path/../Frameworks",
				);
				MACOSX_DEPLOYMENT_TARGET = 14.4;
				MARKETING_VERSION = 1.6.0;
				PRODUCT_BUNDLE_IDENTIFIER = com.vannaq.RamKiller;
				PRODUCT_NAME = "$(TARGET_NAME)";
				REGISTER_APP_GROUPS = YES;
				STRING_CATALOG_GENERATE_SYMBOLS = NO;
				SWIFT_APPROACHABLE_CONCURRENCY = YES;
				SWIFT_DEFAULT_ACTOR_ISOLATION = MainActor;
				SWIFT_EMIT_LOC_STRINGS = YES;
				SWIFT_UPCOMING_FEATURE_MEMBER_IMPORT_VISIBILITY = YES;
				SWIFT_VERSION = 5.0;
			};
			name = Debug;
		};
		F33052F42FA32C0F00E51C66 /* Release */ = {
			isa = XCBuildConfiguration;
			buildSettings = {
				ASSETCATALOG_COMPILER_APPICON_NAME = AppIcon;
				ASSETCATALOG_COMPILER_GLOBAL_ACCENT_COLOR_NAME = AccentColor;
				CODE_SIGN_STYLE = Automatic;
				COMBINE_HIDPI_IMAGES = YES;
				CURRENT_PROJECT_VERSION = 1;
				DEVELOPMENT_TEAM = 3APC6ALUWK;
				ENABLE_APP_SANDBOX = NO;
				ENABLE_HARDENED_RUNTIME = YES;
				ENABLE_PREVIEWS = YES;
				ENABLE_USER_SELECTED_FILES = readonly;
				GENERATE_INFOPLIST_FILE = YES;
				INFOPLIST_KEY_NSHumanReadableCopyright = "";
				LD_RUNPATH_SEARCH_PATHS = (
					"$(inherited)",
					"@executable_path/../Frameworks",
				);
				MACOSX_DEPLOYMENT_TARGET = 14.4;
				MARKETING_VERSION = 1.6.0;
				PRODUCT_BUNDLE_IDENTIFIER = com.vannaq.RamKiller;
				PRODUCT_NAME = "$(TARGET_NAME)";
				REGISTER_APP_GROUPS = YES;
				STRING_CATALOG_GENERATE_SYMBOLS = NO;
				SWIFT_APPROACHABLE_CONCURRENCY = YES;
				SWIFT_DEFAULT_ACTOR_ISOLATION = MainActor;
				SWIFT_EMIT_LOC_STRINGS = YES;
				SWIFT_UPCOMING_FEATURE_MEMBER_IMPORT_VISIBILITY = YES;
				SWIFT_VERSION = 5.0;
			};
			name = Release;
		};
		F33052F62FA32C0F00E51C66 /* Debug */ = {
			isa = XCBuildConfiguration;
			buildSettings = {
				BUNDLE_LOADER = "$(TEST_HOST)";
				CODE_SIGN_STYLE = Automatic;
				CURRENT_PROJECT_VERSION = 1;
				DEVELOPMENT_TEAM = 3APC6ALUWK;
				GENERATE_INFOPLIST_FILE = YES;
				MACOSX_DEPLOYMENT_TARGET = 26.4;
				MARKETING_VERSION = 1.6.0;
				PRODUCT_BUNDLE_IDENTIFIER = com.vannaq.RamKillerTests;
				PRODUCT_NAME = "$(TARGET_NAME)";
				STRING_CATALOG_GENERATE_SYMBOLS = NO;
				SWIFT_APPROACHABLE_CONCURRENCY = YES;
				SWIFT_EMIT_LOC_STRINGS = NO;
				SWIFT_UPCOMING_FEATURE_MEMBER_IMPORT_VISIBILITY = YES;
				SWIFT_VERSION = 5.0;
				TEST_HOST = "$(BUILT_PRODUCTS_DIR)/RamKiller.app/$(BUNDLE_EXECUTABLE_FOLDER_PATH)/RamKiller";
			};
			name = Debug;
		};
		F33052F72FA32C0F00E51C66 /* Release */ = {
			isa = XCBuildConfiguration;
			buildSettings = {
				BUNDLE_LOADER = "$(TEST_HOST)";
				CODE_SIGN_STYLE = Automatic;
				CURRENT_PROJECT_VERSION = 1;
				DEVELOPMENT_TEAM = 3APC6ALUWK;
				GENERATE_INFOPLIST_FILE = YES;
				MACOSX_DEPLOYMENT_TARGET = 26.4;
				MARKETING_VERSION = 1.6.0;
				PRODUCT_BUNDLE_IDENTIFIER = com.vannaq.RamKillerTests;
				PRODUCT_NAME = "$(TARGET_NAME)";
				STRING_CATALOG_GENERATE_SYMBOLS = NO;
				SWIFT_APPROACHABLE_CONCURRENCY = YES;
				SWIFT_EMIT_LOC_STRINGS = NO;
				SWIFT_UPCOMING_FEATURE_MEMBER_IMPORT_VISIBILITY = YES;
				SWIFT_VERSION = 5.0;
				TEST_HOST = "$(BUILT_PRODUCTS_DIR)/RamKiller.app/$(BUNDLE_EXECUTABLE_FOLDER_PATH)/RamKiller";
			};
			name = Release;
		};
		F33052F92FA32C0F00E51C66 /* Debug */ = {
			isa = XCBuildConfiguration;
			buildSettings = {
				CODE_SIGN_STYLE = Automatic;
				CURRENT_PROJECT_VERSION = 1;
				DEVELOPMENT_TEAM = 3APC6ALUWK;
				GENERATE_INFOPLIST_FILE = YES;
				MARKETING_VERSION = 1.6.0;
				PRODUCT_BUNDLE_IDENTIFIER = com.vannaq.RamKillerUITests;
				PRODUCT_NAME = "$(TARGET_NAME)";
				STRING_CATALOG_GENERATE_SYMBOLS = NO;
				SWIFT_APPROACHABLE_CONCURRENCY = YES;
				SWIFT_EMIT_LOC_STRINGS = NO;
				SWIFT_UPCOMING_FEATURE_MEMBER_IMPORT_VISIBILITY = YES;
				SWIFT_VERSION = 5.0;
				TEST_TARGET_NAME = RamKiller;
			};
			name = Debug;
		};
		F33052FA2FA32C0F00E51C66 /* Release */ = {
			isa = XCBuildConfiguration;
			buildSettings = {
				CODE_SIGN_STYLE = Automatic;
				CURRENT_PROJECT_VERSION = 1;
				DEVELOPMENT_TEAM = 3APC6ALUWK;
				GENERATE_INFOPLIST_FILE = YES;
				MARKETING_VERSION = 1.6.0;
				PRODUCT_BUNDLE_IDENTIFIER = com.vannaq.RamKillerUITests;
				PRODUCT_NAME = "$(TARGET_NAME)";
				STRING_CATALOG_GENERATE_SYMBOLS = NO;
				SWIFT_APPROACHABLE_CONCURRENCY = YES;
				SWIFT_EMIT_LOC_STRINGS = NO;
				SWIFT_UPCOMING_FEATURE_MEMBER_IMPORT_VISIBILITY = YES;
				SWIFT_VERSION = 5.0;
				TEST_TARGET_NAME = RamKiller;
			};
			name = Release;
		};
		F33053072FA32F3400E51C66 /* Debug */ = {
			isa = XCBuildConfiguration;
			buildSettings = {
				CODE_SIGN_ENTITLEMENTS = RamKillerHelper/RamKillerHelper.entitlements;
				CODE_SIGN_STYLE = Automatic;
				CREATE_INFOPLIST_SECTION_IN_BINARY = YES;
				DEVELOPMENT_TEAM = 3APC6ALUWK;
				ENABLE_HARDENED_RUNTIME = YES;
				GENERATE_INFOPLIST_FILE = NO;
				INFOPLIST_FILE = RamKillerHelper/Info.plist;
				PRODUCT_NAME = "$(TARGET_NAME)";
				SWIFT_APPROACHABLE_CONCURRENCY = YES;
				SWIFT_UPCOMING_FEATURE_MEMBER_IMPORT_VISIBILITY = YES;
				SWIFT_VERSION = 5.0;
			};
			name = Debug;
		};
		F33053082FA32F3400E51C66 /* Release */ = {
			isa = XCBuildConfiguration;
			buildSettings = {
				CODE_SIGN_ENTITLEMENTS = RamKillerHelper/RamKillerHelper.entitlements;
				CODE_SIGN_STYLE = Automatic;
				CREATE_INFOPLIST_SECTION_IN_BINARY = YES;
				DEVELOPMENT_TEAM = 3APC6ALUWK;
				ENABLE_HARDENED_RUNTIME = YES;
				GENERATE_INFOPLIST_FILE = NO;
				INFOPLIST_FILE = RamKillerHelper/Info.plist;
				PRODUCT_NAME = "$(TARGET_NAME)";
				SWIFT_APPROACHABLE_CONCURRENCY = YES;
				SWIFT_UPCOMING_FEATURE_MEMBER_IMPORT_VISIBILITY = YES;
				SWIFT_VERSION = 5.0;
			};
			name = Release;
		};
/* End XCBuildConfiguration section */

/* Begin XCConfigurationList section */
		F33052CA2FA32C0E00E51C66 /* Build configuration list for PBXProject "RamKiller" */ = {
			isa = XCConfigurationList;
			buildConfigurations = (
				F33052F02FA32C0F00E51C66 /* Debug */,
				F33052F12FA32C0F00E51C66 /* Release */,
			);
			defaultConfigurationIsVisible = 0;
			defaultConfigurationName = Release;
		};
		F33052F22FA32C0F00E51C66 /* Build configuration list for PBXNativeTarget "RamKiller" */ = {
			isa = XCConfigurationList;
			buildConfigurations = (
				F33052F32FA32C0F00E51C66 /* Debug */,
				F33052F42FA32C0F00E51C66 /* Release */,
			);
			defaultConfigurationIsVisible = 0;
			defaultConfigurationName = Release;
		};
		F33052F52FA32C0F00E51C66 /* Build configuration list for PBXNativeTarget "RamKillerTests" */ = {
			isa = XCConfigurationList;
			buildConfigurations = (
				F33052F62FA32C0F00E51C66 /* Debug */,
				F33052F72FA32C0F00E51C66 /* Release */,
			);
			defaultConfigurationIsVisible = 0;
			defaultConfigurationName = Release;
		};
		F33052F82FA32C0F00E51C66 /* Build configuration list for PBXNativeTarget "RamKillerUITests" */ = {
			isa = XCConfigurationList;
			buildConfigurations = (
				F33052F92FA32C0F00E51C66 /* Debug */,
				F33052FA2FA32C0F00E51C66 /* Release */,
			);
			defaultConfigurationIsVisible = 0;
			defaultConfigurationName = Release;
		};
		F33053062FA32F3400E51C66 /* Build configuration list for PBXNativeTarget "RamKillerHelper" */ = {
			isa = XCConfigurationList;
			buildConfigurations = (
				F33053072FA32F3400E51C66 /* Debug */,
				F33053082FA32F3400E51C66 /* Release */,
			);
			defaultConfigurationIsVisible = 0;
			defaultConfigurationName = Release;
		};
/* End XCConfigurationList section */

/* Begin XCLocalSwiftPackageReference section */
		F33052FB2FA32E4000E51C66 /* XCLocalSwiftPackageReference "Shared" */ = {
			isa = XCLocalSwiftPackageReference;
			relativePath = Shared;
		};
/* End XCLocalSwiftPackageReference section */

/* Begin XCSwiftPackageProductDependency section */
		F33052FC2FA32E4000E51C66 /* Shared */ = {
			isa = XCSwiftPackageProductDependency;
			productName = Shared;
		};
		F330530A2FA32F5100E51C66 /* Shared */ = {
			isa = XCSwiftPackageProductDependency;
			package = F33052FB2FA32E4000E51C66 /* XCLocalSwiftPackageReference "Shared" */;
			productName = Shared;
		};
/* End XCSwiftPackageProductDependency section */
	};
	rootObject = F33052C72FA32C0E00E51C66 /* Project object */;
}
